
Microsoft Visual Studio Solution File, Format Version 12.00
# Visual Studio Version 16
VisualStudioVersion = 16.0.31019.35
MinimumVisualStudioVersion = 10.0.40219.1
Project("{FAE04EC0-301F-11D3-BF4B-00C04F79EFBC}") = "Uppgift 2 böcker", "Uppgift 2 böcker\Uppgift 2 böcker.csproj", "{68761A27-954D-4062-AABB-C7B918C92562}"
EndProject
Global
	GlobalSection(SolutionConfigurationPlatforms) = preSolution
		Debug|Any CPU = Debug|Any CPU
		Release|Any CPU = Release|Any CPU
	EndGlobalSection
	GlobalSection(ProjectConfigurationPlatforms) = postSolution
		{68761A27-954D-4062-AABB-C7B918C92562}.Debug|Any CPU.ActiveCfg = Debug|Any CPU
		{68761A27-954D-4062-AABB-C7B918C92562}.Debug|Any CPU.Build.0 = Debug|Any CPU
		{68761A27-954D-4062-AABB-C7B918C92562}.Release|Any CPU.ActiveCfg = Release|Any CPU
		{68761A27-954D-4062-AABB-C7B918C92562}.Release|Any CPU.Build.0 = Release|Any CPU
	EndGlobalSection
	GlobalSection(SolutionProperties) = preSolution
		HideSolutionNode = FALSE
	EndGlobalSection
	GlobalSection(ExtensibilityGlobals) = postSolution
		SolutionGuid = {61736D82-7814-4F7A-8893-D7D2249BD6FC}
	EndGlobalSection
EndGlobal
